
Microsoft Visual Studio Solution File, Format Version 12.00
# Visual Studio 16
Project("{FAE04EC0-301F-11D3-BF4B-00C04F79EFBC}") = "Assembly-CSharp", "Assembly-CSharp.csproj", "{010BED9B-45E9-F910-48E1-9F7AAC59BFAF}"
EndProject
Global
	GlobalSection(SolutionConfigurationPlatforms) = preSolution
		Debug|Any CPU = Debug|Any CPU
		Release|Any CPU = Release|Any CPU
	EndGlobalSection
	GlobalSection(ProjectConfigurationPlatforms) = postSolution
		{010BED9B-45E9-F910-48E1-9F7AAC59BFAF}.Debug|Any CPU.ActiveCfg = Debug|Any CPU
		{010BED9B-45E9-F910-48E1-9F7AAC59BFAF}.Debug|Any CPU.Build.0 = Debug|Any CPU
		{010BED9B-45E9-F910-48E1-9F7AAC59BFAF}.Release|Any CPU.ActiveCfg = Release|Any CPU
		{010BED9B-45E9-F910-48E1-9F7AAC59BFAF}.Release|Any CPU.Build.0 = Release|Any CPU
	EndGlobalSection
	GlobalSection(SolutionProperties) = preSolution
		HideSolutionNode = FALSE
	EndGlobalSection
	GlobalSection(MonoDevelopProperties) = preSolution
		StartupItem = Assembly-CSharp.csproj
	EndGlobalSection
EndGlobal
